// !$*UTF8*$!
{
	archiveVersion = 1;
	classes = {
	};
	objectVersion = 46;
	objects = {

/* Begin PBXBuildFile section */
		781FBBB11B55970200D17308 /* main.m in Sources */ = {isa = PBXBuildFile; fileRef = 781FBBB01B55970200D17308 /* main.m */; };
		781FBBB41B55970200D17308 /* AppDelegate.m in Sources */ = {isa = PBXBuildFile; fileRef = 781FBBB31B55970200D17308 /* AppDelegate.m */; };
		781FBBB71B55970200D17308 /* ViewController.m in Sources */ = {isa = PBXBuildFile; fileRef = 781FBBB61B55970200D17308 /* ViewController.m */; };
		781FBBBA1B55970200D17308 /* Main.storyboard in Resources */ = {isa = PBXBuildFile; fileRef = 781FBBB81B55970200D17308 /* Main.storyboard */; };
		781FBBBC1B55970200D17308 /* Images.xcassets in Resources */ = {isa = PBXBuildFile; fileRef = 781FBBBB1B55970200D17308 /* Images.xcassets */; };
		781FBBBF1B55970200D17308 /* LaunchScreen.xib in Resources */ = {isa = PBXBuildFile; fileRef = 781FBBBD1B55970200D17308 /* LaunchScreen.xib */; };
		781FBBCB1B55970200D17308 /* ILExampleTests.m in Sources */ = {isa = PBXBuildFile; fileRef = 781FBBCA1B55970200D17308 /* ILExampleTests.m */; };
/* End PBXBuildFile section */

/* Begin PBXContainerItemProxy section */
		781FBBC51B55970200D17308 /* PBXContainerItemProxy */ = {
			isa = PBXContainerItemProxy;
			containerPortal = 781FBBA31B55970200D17308 /* Project object */;
			proxyType = 1;
			remoteGlobalIDString = 781FBBAA1B55970200D17308;
			remoteInfo = ILExample;
		};
/* End PBXContainerItemProxy section */

/* Begin PBXFileReference section */
		781FBBAB1B55970200D17308 /* ILExample.app */ = {isa = PBXFileReference; explicitFileType = wrapper.application; includeInIndex = 0; path = ILExample.app; sourceTree = BUILT_PRODUCTS_DIR; };
		781FBBAF1B55970200D17308 /* Info.plist */ = {isa = PBXFileReference; lastKnownFileType = text.plist.xml; path = Info.plist; sourceTree = "<group>"; };
		781FBBB01B55970200D17308 /* main.m */ = {isa = PBXFileReference; lastKnownFileType = sourcecode.c.objc; path = main.m; sourceTree = "<group>"; };
		781FBBB21B55970200D17308 /* AppDelegate.h */ = {isa = PBXFileReference; lastKnownFileType = sourcecode.c.h; path = AppDelegate.h; sourceTree = "<group>"; };
		781FBBB31B55970200D17308 /* AppDelegate.m */ = {isa = PBXFileReference; lastKnownFileType = sourcecode.c.objc; path = AppDelegate.m; sourceTree = "<group>"; };
		781FBBB51B55970200D17308 /* ViewController.h */ = {isa = PBXFileReference; lastKnownFileType = sourcecode.c.h; path = ViewController.h; sourceTree = "<group>"; };
		781FBBB61B55970200D17308 /* ViewController.m */ = {isa = PBXFileReference; lastKnownFileType = sourcecode.c.objc; path = ViewController.m; sourceTree = "<group>"; };
		781FBBB91B55970200D17308 /* Base */ = {isa = PBXFileReference; lastKnownFileType = file.storyboard; name = Base; path = Base.lproj/Main.storyboard; sourceTree = "<group>"; };
		781FBBBB1B55970200D17308 /* Images.xcassets */ = {isa = PBXFileReference; lastKnownFileType = folder.assetcatalog; path = Images.xcassets; sourceTree = "<group>"; };
		781FBBBE1B55970200D17308 /* Base */ = {isa = PBXFileReference; lastKnownFileType = file.xib; name = Base; path = Base.lproj/LaunchScreen.xib; sourceTree = "<group>"; };
		781FBBC41B55970200D17308 /* ILExampleTests.xctest */ = {isa = PBXFileReference; explicitFileType = wrapper.cfbundle; includeInIndex = 0; path = ILExampleTests.xctest; sourceTree = BUILT_PRODUCTS_DIR; };
		781FBBC91B55970200D17308 /* Info.plist */ = {isa = PBXFileReference; lastKnownFileType = text.plist.xml; path = Info.plist; sourceTree = "<group>"; };
		781FBBCA1B55970200D17308 /* ILExampleTests.m */ = {isa = PBXFileReference; lastKnownFileType = sourcecode.c.objc; path = ILExampleTests.m; sourceTree = "<group>"; };
/* End PBXFileReference section */

/* Begin PBXFrameworksBuildPhase section */
		781FBBA81B55970200D17308 /* Frameworks */ = {
			isa = PBXFrameworksBuildPhase;
			buildActionMask = 2147483647;
			files = (
			);
			runOnlyForDeploymentPostprocessing = 0;
		};
		781FBBC11B55970200D17308 /* Frameworks */ = {
			isa = PBXFrameworksBuildPhase;
			buildActionMask = 2147483647;
			files = (
			);
			runOnlyForDeploymentPostprocessing = 0;
		};
/* End PBXFrameworksBuildPhase section */

/* Begin PBXGroup section */
		781FBBA21B55970200D17308 = {
			isa = PBXGroup;
			children = (
				781FBBAD1B55970200D17308 /* ILExample */,
				781FBBC71B55970200D17308 /* ILExampleTests */,
				781FBBAC1B55970200D17308 /* Products */,
			);
			sourceTree = "<group>";
		};
		781FBBAC1B55970200D17308 /* Products */ = {
			isa = PBXGroup;
			children = (
				781FBBAB1B55970200D17308 /* ILExample.app */,
				781FBBC41B55970200D17308 /* ILExampleTests.xctest */,
			);
			name = Products;
			sourceTree = "<group>";
		};
		781FBBAD1B55970200D17308 /* ILExample */ = {
			isa = PBXGroup;
			children = (
				781FBBB21B55970200D17308 /* AppDelegate.h */,
				781FBBB31B55970200D17308 /* AppDelegate.m */,
				781FBBB51B55970200D17308 /* ViewController.h */,
				781FBBB61B55970200D17308 /* ViewController.m */,
				781FBBB81B55970200D17308 /* Main.storyboard */,
				781FBBBB1B55970200D17308 /* Images.xcassets */,
				781FBBBD1B55970200D17308 /* LaunchScreen.xib */,
				781FBBAE1B55970200D17308 /* Supporting Files */,
			);
			path = ILExample;
			sourceTree = "<group>";
		};
		781FBBAE1B55970200D17308 /* Supporting Files */ = {
			isa = PBXGroup;
			children = (
				781FBBAF1B55970200D17308 /* Info.plist */,
				781FBBB01B55970200D17308 /* main.m */,
			);
			name = "Supporting Files";
			sourceTree = "<group>";
		};
		781FBBC71B55970200D17308 /* ILExampleTests */ = {
			isa = PBXGroup;
			children = (
				781FBBCA1B55970200D17308 /* ILExampleTests.m */,
				781FBBC81B55970200D17308 /* Supporting Files */,
			);
			path = ILExampleTests;
			sourceTree = "<group>";
		};
		781FBBC81B55970200D17308 /* Supporting Files */ = {
			isa = PBXGroup;
			children = (
				781FBBC91B55970200D17308 /* Info.plist */,
			);
			name = "Supporting Files";
			sourceTree = "<group>";
		};
/* End PBXGroup section */

/* Begin PBXNativeTarget section */
		781FBBAA1B55970200D17308 /* ILExample */ = {
			isa = PBXNativeTarget;
			buildConfigurationList = 781FBBCE1B55970200D17308 /* Build configuration list for PBXNativeTarget "ILExample" */;
			buildPhases = (
				781FBBA71B55970200D17308 /* Sources */,
				781FBBA81B55970200D17308 /* Frameworks */,
				781FBBA91B55970200D17308 /* Resources */,
			);
			buildRules = (
			);
			dependencies = (
			);
			name = ILExample;
			productName = ILExample;
			productReference = 781FBBAB1B55970200D17308 /* ILExample.app */;
			productType = "com.apple.product-type.application";
		};
		781FBBC31B55970200D17308 /* ILExampleTests */ = {
			isa = PBXNativeTarget;
			buildConfigurationList = 781FBBD11B55970200D17308 /* Build configuration list for PBXNativeTarget "ILExampleTests" */;
			buildPhases = (
				781FBBC01B55970200D17308 /* Sources */,
				781FBBC11B55970200D17308 /* Frameworks */,
				781FBBC21B55970200D17308 /* Resources */,
			);
			buildRules = (
			);
			dependencies = (
				781FBBC61B55970200D17308 /* PBXTargetDependency */,
			);
			name = ILExampleTests;
			productName = ILExampleTests;
			productReference = 781FBBC41B55970200D17308 /* ILExampleTests.xctest */;
			productType = "com.apple.product-type.bundle.unit-test";
		};
/* End PBXNativeTarget section */

/* Begin PBXProject section */
		781FBBA31B55970200D17308 /* Project object */ = {
			isa = PBXProject;
			attributes = {
				LastUpgradeCheck = 0640;
				ORGANIZATIONNAME = apple100;
				TargetAttributes = {
					781FBBAA1B55970200D17308 = {
						CreatedOnToolsVersion = 6.4;
					};
					781FBBC31B55970200D17308 = {
						CreatedOnToolsVersion = 6.4;
						TestTargetID = 781FBBAA1B55970200D17308;
					};
				};
			};
			buildConfigurationList = 781FBBA61B55970200D17308 /* Build configuration list for PBXProject "ILExample" */;
			compatibilityVersion = "Xcode 3.2";
			developmentRegion = English;
			hasScannedForEncodings = 0;
			knownRegions = (
				en,
				Base,
			);
			mainGroup = 781FBBA21B55970200D17308;
			productRefGroup = 781FBBAC1B55970200D17308 /* Products */;
			projectDirPath = "";
			projectRoot = "";
			targets = (
				781FBBAA1B55970200D17308 /* ILExample */,
				781FBBC31B55970200D17308 /* ILExampleTests */,
			);
		};
/* End PBXProject section */

/* Begin PBXResourcesBuildPhase section */
		781FBBA91B55970200D17308 /* Resources */ = {
			isa = PBXResourcesBuildPhase;
			buildActionMask = 2147483647;
			files = (
				781FBBBA1B55970200D17308 /* Main.storyboard in Resources */,
				781FBBBF1B55970200D17308 /* LaunchScreen.xib in Resources */,
				781FBBBC1B55970200D17308 /* Images.xcassets in Resources */,
			);
			runOnlyForDeploymentPostprocessing = 0;
		};
		781FBBC21B55970200D17308 /* Resources */ = {
			isa = PBXResourcesBuildPhase;
			buildActionMask = 2147483647;
			files = (
			);
			runOnlyForDeploymentPostprocessing = 0;
		};
/* End PBXResourcesBuildPhase section */

/* Begin PBXSourcesBuildPhase section */
		781FBBA71B55970200D17308 /* Sources */ = {
			isa = PBXSourcesBuildPhase;
			buildActionMask = 2147483647;
			files = (
				781FBBB71B55970200D17308 /* ViewController.m in Sources */,
				781FBBB41B55970200D17308 /* AppDelegate.m in Sources */,
				781FBBB11B55970200D17308 /* main.m in Sources */,
			);
			runOnlyForDeploymentPostprocessing = 0;
		};
		781FBBC01B55970200D17308 /* Sources */ = {
			isa = PBXSourcesBuildPhase;
			buildActionMask = 2147483647;
			files = (
				781FBBCB1B55970200D17308 /* ILExampleTests.m in Sources */,
			);
			runOnlyForDeploymentPostprocessing = 0;
		};
/* End PBXSourcesBuildPhase section */

/* Begin PBXTargetDependency section */
		781FBBC61B55970200D17308 /* PBXTargetDependency */ = {
			isa = PBXTargetDependency;
			target = 781FBBAA1B55970200D17308 /* ILExample */;
			targetProxy = 781FBBC51B55970200D17308 /* PBXContainerItemProxy */;
		};
/* End PBXTargetDependency section */

/* Begin PBXVariantGroup section */
		781FBBB81B55970200D17308 /* Main.storyboard */ = {
			isa = PBXVariantGroup;
			children = (
				781FBBB91B55970200D17308 /* Base */,
			);
			name = Main.storyboard;
			sourceTree = "<group>";
		};
		781FBBBD1B55970200D17308 /* LaunchScreen.xib */ = {
			isa = PBXVariantGroup;
			children = (
				781FBBBE1B55970200D17308 /* Base */,
			);
			name = LaunchScreen.xib;
			sourceTree = "<group>";
		};
/* End PBXVariantGroup section */

/* Begin XCBuildConfiguration section */
		781FBBCC1B55970200D17308 /* Debug */ = {
			isa = XCBuildConfiguration;
			buildSettings = {
				ALWAYS_SEARCH_USER_PATHS = NO;
				CLANG_CXX_LANGUAGE_STANDARD = "gnu++0x";
				CLANG_CXX_LIBRARY = "libc++";
				CLANG_ENABLE_MODULES = YES;
				CLANG_ENABLE_OBJC_ARC = YES;
				CLANG_WARN_BOOL_CONVERSION = YES;
				CLANG_WARN_CONSTANT_CONVERSION = YES;
				CLANG_WARN_DIRECT_OBJC_ISA_USAGE = YES_ERROR;
				CLANG_WARN_EMPTY_BODY = YES;
				CLANG_WARN_ENUM_CONVERSION = YES;
				CLANG_WARN_INT_CONVERSION = YES;
				CLANG_WARN_OBJC_ROOT_CLASS = YES_ERROR;
				CLANG_WARN_UNREACHABLE_CODE = YES;
				CLANG_WARN__DUPLICATE_METHOD_MATCH = YES;
				"CODE_SIGN_IDENTITY[sdk=iphoneos*]" = "iPhone Developer";
				COPY_PHASE_STRIP = NO;
				DEBUG_INFORMATION_FORMAT = "dwarf-with-dsym";
				ENABLE_STRICT_OBJC_MSGSEND = YES;
				GCC_C_LANGUAGE_STANDARD = gnu99;
				GCC_DYNAMIC_NO_PIC = NO;
				GCC_NO_COMMON_BLOCKS = YES;
				GCC_OPTIMIZATION_LEVEL = 0;
				GCC_PREPROCESSOR_DEFINITIONS = (
					"DEBUG=1",
					"$(inherited)",
				);
				GCC_SYMBOLS_PRIVATE_EXTERN = NO;
				GCC_WARN_64_TO_32_BIT_CONVERSION = YES;
				GCC_WARN_ABOUT_RETURN_TYPE = YES_ERROR;
				GCC_WARN_UNDECLARED_SELECTOR = YES;
				GCC_WARN_UNINITIALIZED_AUTOS = YES_AGGRESSIVE;
				GCC_WARN_UNUSED_FUNCTION = YES;
				GCC_WARN_UNUSED_VARIABLE = YES;
				IPHONEOS_DEPLOYMENT_TARGET = 8.4;
				MTL_ENABLE_DEBUG_INFO = YES;
				ONLY_ACTIVE_ARCH = YES;
				SDKROOT = iphoneos;
			};
			name = Debug;
		};
		781FBBCD1B55970200D17308 /* Release */ = {
			isa = XCBuildConfiguration;
			buildSettings = {
				ALWAYS_SEARCH_USER_PATHS = NO;
				CLANG_CXX_LANGUAGE_STANDARD = "gnu++0x";
				CLANG_CXX_LIBRARY = "libc++";
				CLANG_ENABLE_MODULES = YES;
				CLANG_ENABLE_OBJC_ARC = YES;
				CLANG_WARN_BOOL_CONVERSION = YES;
				CLANG_WARN_CONSTANT_CONVERSION = YES;
				CLANG_WARN_DIRECT_OBJC_ISA_USAGE = YES_ERROR;
				CLANG_WARN_EMPTY_BODY = YES;
				CLANG_WARN_ENUM_CONVERSION = YES;
				CLANG_WARN_INT_CONVERSION = YES;
				CLANG_WARN_OBJC_ROOT_CLASS = YES_ERROR;
				CLANG_WARN_UNREACHABLE_CODE = YES;
				CLANG_WARN__DUPLICATE_METHOD_MATCH = YES;
				"CODE_SIGN_IDENTITY[sdk=iphoneos*]" = "iPhone Developer";
				COPY_PHASE_STRIP = NO;
				DEBUG_INFORMATION_FORMAT = "dwarf-with-dsym";
				ENABLE_NS_ASSERTIONS = NO;
				ENABLE_STRICT_OBJC_MSGSEND = YES;
				GCC_C_LANGUAGE_STANDARD = gnu99;
				GCC_NO_COMMON_BLOCKS = YES;
				GCC_WARN_64_TO_32_BIT_CONVERSION = YES;
				GCC_WARN_ABOUT_RETURN_TYPE = YES_ERROR;
				GCC_WARN_UNDECLARED_SELECTOR = YES;
				GCC_WARN_UNINITIALIZED_AUTOS = YES_AGGRESSIVE;
				GCC_WARN_UNUSED_FUNCTION = YES;
				GCC_WARN_UNUSED_VARIABLE = YES;
				IPHONEOS_DEPLOYMENT_TARGET = 8.4;
				MTL_ENABLE_DEBUG_INFO = NO;
				SDKROOT = iphoneos;
				VALIDATE_PRODUCT = YES;
			};
			name = Release;
		};
		781FBBCF1B55970200D17308 /* Debug */ = {
			isa = XCBuildConfiguration;
			buildSettings = {
				ASSETCATALOG_COMPILER_APPICON_NAME = AppIcon;
				INFOPLIST_FILE = ILExample/Info.plist;
				LD_RUNPATH_SEARCH_PATHS = "$(inherited) @executable_path/Frameworks";
				PRODUCT_NAME = "$(TARGET_NAME)";
			};
			name = Debug;
		};
		781FBBD01B55970200D17308 /* Release */ = {
			isa = XCBuildConfiguration;
			buildSettings = {
				ASSETCATALOG_COMPILER_APPICON_NAME = AppIcon;
				INFOPLIST_FILE = ILExample/Info.plist;
				LD_RUNPATH_SEARCH_PATHS = "$(inherited) @executable_path/Frameworks";
				PRODUCT_NAME = "$(TARGET_NAME)";
			};
			name = Release;
		};
		781FBBD21B55970200D17308 /* Debug */ = {
			isa = XCBuildConfiguration;
			buildSettings = {
				BUNDLE_LOADER = "$(TEST_HOST)";
				FRAMEWORK_SEARCH_PATHS = (
					"$(SDKROOT)/Developer/Library/Frameworks",
					"$(inherited)",
				);
				GCC_PREPROCESSOR_DEFINITIONS = (
					"DEBUG=1",
					"$(inherited)",
				);
				INFOPLIST_FILE = ILExampleTests/Info.plist;
				LD_RUNPATH_SEARCH_PATHS = "$(inherited) @executable_path/Frameworks @loader_path/Frameworks";
				PRODUCT_NAME = "$(TARGET_NAME)";
				TEST_HOST = "$(BUILT_PRODUCTS_DIR)/ILExample.app/ILExample";
			};
			name = Debug;
		};
		781FBBD31B55970200D17308 /* Release */ = {
			isa = XCBuildConfiguration;
			buildSettings = {
				BUNDLE_LOADER = "$(TEST_HOST)";
				FRAMEWORK_SEARCH_PATHS = (
					"$(SDKROOT)/Developer/Library/Frameworks",
					"$(inherited)",
				);
				INFOPLIST_FILE = ILExampleTests/Info.plist;
				LD_RUNPATH_SEARCH_PATHS = "$(inherited) @executable_path/Frameworks @loader_path/Frameworks";
				PRODUCT_NAME = "$(TARGET_NAME)";
				TEST_HOST = "$(BUILT_PRODUCTS_DIR)/ILExample.app/ILExample";
			};
			name = Release;
		};
/* End XCBuildConfiguration section */

/* Begin XCConfigurationList section */
		781FBBA61B55970200D17308 /* Build configuration list for PBXProject "ILExample" */ = {
			isa = XCConfigurationList;
			buildConfigurations = (
				781FBBCC1B55970200D17308 /* Debug */,
				781FBBCD1B55970200D17308 /* Release */,
			);
			defaultConfigurationIsVisible = 0;
			defaultConfigurationName = Release;
		};
		781FBBCE1B55970200D17308 /* Build configuration list for PBXNativeTarget "ILExample" */ = {
			isa = XCConfigurationList;
			buildConfigurations = (
				781FBBCF1B55970200D17308 /* Debug */,
				781FBBD01B55970200D17308 /* Release */,
			);
			defaultConfigurationIsVisible = 0;
		};
		781FBBD11B55970200D17308 /* Build configuration list for PBXNativeTarget "ILExampleTests" */ = {
			isa = XCConfigurationList;
			buildConfigurations = (
				781FBBD21B55970200D17308 /* Debug */,
				781FBBD31B55970200D17308 /* Release */,
			);
			defaultConfigurationIsVisible = 0;
		};
/* End XCConfigurationList section */
	};
	rootObject = 781FBBA31B55970200D17308 /* Project object */;
}
